
Microsoft Visual Studio Solution File, Format Version 12.00
Project("{FAE04EC0-301F-11D3-BF4B-00C04F79EFBC}") = "teteC", "teteC\teteC.csproj", "{044BC9C9-6C46-49EB-8B25-919D71F37495}"
EndProject
Global
	GlobalSection(SolutionConfigurationPlatforms) = preSolution
		Debug|Any CPU = Debug|Any CPU
		Release|Any CPU = Release|Any CPU
	EndGlobalSection
	GlobalSection(ProjectConfigurationPlatforms) = postSolution
		{044BC9C9-6C46-49EB-8B25-919D71F37495}.Debug|Any CPU.ActiveCfg = Debug|Any CPU
		{044BC9C9-6C46-49EB-8B25-919D71F37495}.Debug|Any CPU.Build.0 = Debug|Any CPU
		{044BC9C9-6C46-49EB-8B25-919D71F37495}.Release|Any CPU.ActiveCfg = Release|Any CPU
		{044BC9C9-6C46-49EB-8B25-919D71F37495}.Release|Any CPU.Build.0 = Release|Any CPU
	EndGlobalSection
EndGlobal
