
Microsoft Visual Studio Solution File, Format Version 12.00
Project("{FAE04EC0-301F-11D3-BF4B-00C04F79EFBC}") = "Laborator2", "Laborator2\Laborator2.csproj", "{F69673E4-12DB-4A40-BD41-955FAC85E5D4}"
EndProject
Global
	GlobalSection(SolutionConfigurationPlatforms) = preSolution
		Debug|Any CPU = Debug|Any CPU
		Release|Any CPU = Release|Any CPU
	EndGlobalSection
	GlobalSection(ProjectConfigurationPlatforms) = postSolution
		{F69673E4-12DB-4A40-BD41-955FAC85E5D4}.Debug|Any CPU.ActiveCfg = Debug|Any CPU
		{F69673E4-12DB-4A40-BD41-955FAC85E5D4}.Debug|Any CPU.Build.0 = Debug|Any CPU
		{F69673E4-12DB-4A40-BD41-955FAC85E5D4}.Release|Any CPU.ActiveCfg = Release|Any CPU
		{F69673E4-12DB-4A40-BD41-955FAC85E5D4}.Release|Any CPU.Build.0 = Release|Any CPU
	EndGlobalSection
EndGlobal
